
Microsoft Visual Studio Solution File, Format Version 12.00
# Visual Studio Version 17
VisualStudioVersion = 17.1.31911.260
MinimumVisualStudioVersion = 10.0.40219.1
Project("{9A19103F-16F7-4668-BE54-9A1E7A4F7556}") = "Treachery.Shared", "Shared\Treachery.Shared.csproj", "{BA261D0A-16F1-4C67-92B2-C8F00BB3518A}"
EndProject
Project("{9A19103F-16F7-4668-BE54-9A1E7A4F7556}") = "Treachery.Server", "Server\Treachery.Server.csproj", "{3C02497F-F24B-4A12-9DC2-FDC1DE4A5FDD}"
EndProject
Project("{9A19103F-16F7-4668-BE54-9A1E7A4F7556}") = "Treachery.Test", "Test\Treachery.Test.csproj", "{1B9AB1C3-0DE1-4A78-8E05-5F17F335CE4D}"
EndProject
Project("{9A19103F-16F7-4668-BE54-9A1E7A4F7556}") = "Treachery.Client", "Client\Treachery.Client.csproj", "{D6557A57-D384-4CD7-82CE-EFB385924510}"
EndProject
Project("{FAE04EC0-301F-11D3-BF4B-00C04F79EFBC}") = "Treachery.Bots", "Bots\Treachery.Bots\Treachery.Bots.csproj", "{D8DE65CE-383A-4F0D-9103-33B32C12133D}"
EndProject
Global
	GlobalSection(SolutionConfigurationPlatforms) = preSolution
		Debug|Any CPU = Debug|Any CPU
		Release|Any CPU = Release|Any CPU
	EndGlobalSection
	GlobalSection(ProjectConfigurationPlatforms) = postSolution
		{BA261D0A-16F1-4C67-92B2-C8F00BB3518A}.Debug|Any CPU.ActiveCfg = Debug|Any CPU
		{BA261D0A-16F1-4C67-92B2-C8F00BB3518A}.Debug|Any CPU.Build.0 = Debug|Any CPU
		{BA261D0A-16F1-4C67-92B2-C8F00BB3518A}.Release|Any CPU.ActiveCfg = Release|Any CPU
		{BA261D0A-16F1-4C67-92B2-C8F00BB3518A}.Release|Any CPU.Build.0 = Release|Any CPU
		{3C02497F-F24B-4A12-9DC2-FDC1DE4A5FDD}.Debug|Any CPU.ActiveCfg = Debug|Any CPU
		{3C02497F-F24B-4A12-9DC2-FDC1DE4A5FDD}.Debug|Any CPU.Build.0 = Debug|Any CPU
		{3C02497F-F24B-4A12-9DC2-FDC1DE4A5FDD}.Release|Any CPU.ActiveCfg = Release|Any CPU
		{3C02497F-F24B-4A12-9DC2-FDC1DE4A5FDD}.Release|Any CPU.Build.0 = Release|Any CPU
		{1B9AB1C3-0DE1-4A78-8E05-5F17F335CE4D}.Debug|Any CPU.ActiveCfg = Debug|Any CPU
		{1B9AB1C3-0DE1-4A78-8E05-5F17F335CE4D}.Debug|Any CPU.Build.0 = Debug|Any CPU
		{1B9AB1C3-0DE1-4A78-8E05-5F17F335CE4D}.Release|Any CPU.ActiveCfg = Release|Any CPU
		{1B9AB1C3-0DE1-4A78-8E05-5F17F335CE4D}.Release|Any CPU.Build.0 = Release|Any CPU
		{D6557A57-D384-4CD7-82CE-EFB385924510}.Debug|Any CPU.ActiveCfg = Debug|Any CPU
		{D6557A57-D384-4CD7-82CE-EFB385924510}.Debug|Any CPU.Build.0 = Debug|Any CPU
		{D6557A57-D384-4CD7-82CE-EFB385924510}.Release|Any CPU.ActiveCfg = Release|Any CPU
		{D6557A57-D384-4CD7-82CE-EFB385924510}.Release|Any CPU.Build.0 = Release|Any CPU
		{D8DE65CE-383A-4F0D-9103-33B32C12133D}.Debug|Any CPU.ActiveCfg = Debug|Any CPU
		{D8DE65CE-383A-4F0D-9103-33B32C12133D}.Debug|Any CPU.Build.0 = Debug|Any CPU
		{D8DE65CE-383A-4F0D-9103-33B32C12133D}.Release|Any CPU.ActiveCfg = Release|Any CPU
		{D8DE65CE-383A-4F0D-9103-33B32C12133D}.Release|Any CPU.Build.0 = Release|Any CPU
	EndGlobalSection
	GlobalSection(SolutionProperties) = preSolution
		HideSolutionNode = FALSE
	EndGlobalSection
	GlobalSection(ExtensibilityGlobals) = postSolution
		SolutionGuid = {387FE242-80A2-4B85-A899-72D8DD0796D8}
	EndGlobalSection
	GlobalSection(RiderSharedRunConfigurations) = postSolution
	EndGlobalSection
EndGlobal
